# This file is automatically @generated by Cargo.
# It is not intended for manual editing.
version = 4

[[package]]
name = "nano-agent"
version = "0.1.0"

[[package]]
name = "nano-cli"
version = "0.1.0"
dependencies = [
 "nano-core",
]

[[package]]
name = "nano-core"
version = "0.1.0"

[[package]]
name = "nano-egress"
version = "0.1.0"

[[package]]
name = "nano-mcp"
version = "0.1.0"

[[package]]
name = "nano-model"
version = "0.1.0"

[[package]]
name = "nano-platform"
version = "0.1.0"

[[package]]
name = "nano-protocol"
version = "0.1.0"

[[package]]
name = "nano-sandbox"
version = "0.1.0"

[[package]]
name = "nano-session"
version = "0.1.0"

[[package]]
name = "nano-skills"
version = "0.1.0"

[[package]]
name = "nano-tools"
version = "0.1.0"
